
Microsoft Visual Studio Solution File, Format Version 12.00
# Visual Studio Version 17
VisualStudioVersion = 17.12.35707.178
MinimumVisualStudioVersion = 10.0.40219.1
Project("{2150E333-8FDC-42A3-9474-1A3956D46DE8}") = "src", "src", "{258C5D69-1BC4-4549-BFC5-570B77B0E224}"
EndProject
Project("{2150E333-8FDC-42A3-9474-1A3956D46DE8}") = "tests", "tests", "{77AB0CF5-6FBD-4A5B-A864-2DF863A4BAA9}"
EndProject
Project("{FAE04EC0-301F-11D3-BF4B-00C04F79EFBC}") = "Tests", "tests\Tests\Tests.csproj", "{561B98FE-196D-49F3-9692-5252F0F2E585}"
EndProject
Project("{FAE04EC0-301F-11D3-BF4B-00C04F79EFBC}") = "Api", "src\Api\Api.csproj", "{F01E6115-9F93-42D5-B98D-4E5C5DB037F9}"
EndProject
Global
	GlobalSection(SolutionConfigurationPlatforms) = preSolution
		Debug|Any CPU = Debug|Any CPU
		Release|Any CPU = Release|Any CPU
	EndGlobalSection
	GlobalSection(ProjectConfigurationPlatforms) = postSolution
		{561B98FE-196D-49F3-9692-5252F0F2E585}.Debug|Any CPU.ActiveCfg = Debug|Any CPU
		{561B98FE-196D-49F3-9692-5252F0F2E585}.Debug|Any CPU.Build.0 = Debug|Any CPU
		{561B98FE-196D-49F3-9692-5252F0F2E585}.Release|Any CPU.ActiveCfg = Release|Any CPU
		{561B98FE-196D-49F3-9692-5252F0F2E585}.Release|Any CPU.Build.0 = Release|Any CPU
		{F01E6115-9F93-42D5-B98D-4E5C5DB037F9}.Debug|Any CPU.ActiveCfg = Debug|Any CPU
		{F01E6115-9F93-42D5-B98D-4E5C5DB037F9}.Debug|Any CPU.Build.0 = Debug|Any CPU
		{F01E6115-9F93-42D5-B98D-4E5C5DB037F9}.Release|Any CPU.ActiveCfg = Release|Any CPU
		{F01E6115-9F93-42D5-B98D-4E5C5DB037F9}.Release|Any CPU.Build.0 = Release|Any CPU
	EndGlobalSection
	GlobalSection(SolutionProperties) = preSolution
		HideSolutionNode = FALSE
	EndGlobalSection
	GlobalSection(NestedProjects) = preSolution
		{561B98FE-196D-49F3-9692-5252F0F2E585} = {77AB0CF5-6FBD-4A5B-A864-2DF863A4BAA9}
		{F01E6115-9F93-42D5-B98D-4E5C5DB037F9} = {258C5D69-1BC4-4549-BFC5-570B77B0E224}
	EndGlobalSection
EndGlobal
